
Microsoft Visual Studio Solution File, Format Version 12.00
# Visual Studio Version 16
VisualStudioVersion = 16.6.30114.105
MinimumVisualStudioVersion = 10.0.40219.1
Project("{FAE04EC0-301F-11D3-BF4B-00C04F79EFBC}") = "API", "API\API.csproj", "{C852F117-7E2A-4157-A79F-09DDFFDC181A}"
EndProject
Project("{FAE04EC0-301F-11D3-BF4B-00C04F79EFBC}") = "Application", "Application\Application.csproj", "{FC87BCF4-D564-4ABE-A99F-61AC95632942}"
EndProject
Project("{FAE04EC0-301F-11D3-BF4B-00C04F79EFBC}") = "Persistence", "Persistence\Persistence.csproj", "{13CA870C-0096-4FDF-8E92-EE7266C11E6B}"
EndProject
Project("{FAE04EC0-301F-11D3-BF4B-00C04F79EFBC}") = "Domain", "Domain\Domain.csproj", "{C6D98F19-2288-4A7E-B869-294149388906}"
EndProject
Global
	GlobalSection(SolutionConfigurationPlatforms) = preSolution
		Debug|Any CPU = Debug|Any CPU
		Debug|x64 = Debug|x64
		Debug|x86 = Debug|x86
		Release|Any CPU = Release|Any CPU
		Release|x64 = Release|x64
		Release|x86 = Release|x86
	EndGlobalSection
	GlobalSection(SolutionProperties) = preSolution
		HideSolutionNode = FALSE
	EndGlobalSection
	GlobalSection(ProjectConfigurationPlatforms) = postSolution
		{C852F117-7E2A-4157-A79F-09DDFFDC181A}.Debug|Any CPU.ActiveCfg = Debug|Any CPU
		{C852F117-7E2A-4157-A79F-09DDFFDC181A}.Debug|Any CPU.Build.0 = Debug|Any CPU
		{C852F117-7E2A-4157-A79F-09DDFFDC181A}.Debug|x64.ActiveCfg = Debug|Any CPU
		{C852F117-7E2A-4157-A79F-09DDFFDC181A}.Debug|x64.Build.0 = Debug|Any CPU
		{C852F117-7E2A-4157-A79F-09DDFFDC181A}.Debug|x86.ActiveCfg = Debug|Any CPU
		{C852F117-7E2A-4157-A79F-09DDFFDC181A}.Debug|x86.Build.0 = Debug|Any CPU
		{C852F117-7E2A-4157-A79F-09DDFFDC181A}.Release|Any CPU.ActiveCfg = Release|Any CPU
		{C852F117-7E2A-4157-A79F-09DDFFDC181A}.Release|Any CPU.Build.0 = Release|Any CPU
		{C852F117-7E2A-4157-A79F-09DDFFDC181A}.Release|x64.ActiveCfg = Release|Any CPU
		{C852F117-7E2A-4157-A79F-09DDFFDC181A}.Release|x64.Build.0 = Release|Any CPU
		{C852F117-7E2A-4157-A79F-09DDFFDC181A}.Release|x86.ActiveCfg = Release|Any CPU
		{C852F117-7E2A-4157-A79F-09DDFFDC181A}.Release|x86.Build.0 = Release|Any CPU
		{FC87BCF4-D564-4ABE-A99F-61AC95632942}.Debug|Any CPU.ActiveCfg = Debug|Any CPU
		{FC87BCF4-D564-4ABE-A99F-61AC95632942}.Debug|Any CPU.Build.0 = Debug|Any CPU
		{FC87BCF4-D564-4ABE-A99F-61AC95632942}.Debug|x64.ActiveCfg = Debug|Any CPU
		{FC87BCF4-D564-4ABE-A99F-61AC95632942}.Debug|x64.Build.0 = Debug|Any CPU
		{FC87BCF4-D564-4ABE-A99F-61AC95632942}.Debug|x86.ActiveCfg = Debug|Any CPU
		{FC87BCF4-D564-4ABE-A99F-61AC95632942}.Debug|x86.Build.0 = Debug|Any CPU
		{FC87BCF4-D564-4ABE-A99F-61AC95632942}.Release|Any CPU.ActiveCfg = Release|Any CPU
		{FC87BCF4-D564-4ABE-A99F-61AC95632942}.Release|Any CPU.Build.0 = Release|Any CPU
		{FC87BCF4-D564-4ABE-A99F-61AC95632942}.Release|x64.ActiveCfg = Release|Any CPU
		{FC87BCF4-D564-4ABE-A99F-61AC95632942}.Release|x64.Build.0 = Release|Any CPU
		{FC87BCF4-D564-4ABE-A99F-61AC95632942}.Release|x86.ActiveCfg = Release|Any CPU
		{FC87BCF4-D564-4ABE-A99F-61AC95632942}.Release|x86.Build.0 = Release|Any CPU
		{13CA870C-0096-4FDF-8E92-EE7266C11E6B}.Debug|Any CPU.ActiveCfg = Debug|Any CPU
		{13CA870C-0096-4FDF-8E92-EE7266C11E6B}.Debug|Any CPU.Build.0 = Debug|Any CPU
		{13CA870C-0096-4FDF-8E92-EE7266C11E6B}.Debug|x64.ActiveCfg = Debug|Any CPU
		{13CA870C-0096-4FDF-8E92-EE7266C11E6B}.Debug|x64.Build.0 = Debug|Any CPU
		{13CA870C-0096-4FDF-8E92-EE7266C11E6B}.Debug|x86.ActiveCfg = Debug|Any CPU
		{13CA870C-0096-4FDF-8E92-EE7266C11E6B}.Debug|x86.Build.0 = Debug|Any CPU
		{13CA870C-0096-4FDF-8E92-EE7266C11E6B}.Release|Any CPU.ActiveCfg = Release|Any CPU
		{13CA870C-0096-4FDF-8E92-EE7266C11E6B}.Release|Any CPU.Build.0 = Release|Any CPU
		{13CA870C-0096-4FDF-8E92-EE7266C11E6B}.Release|x64.ActiveCfg = Release|Any CPU
		{13CA870C-0096-4FDF-8E92-EE7266C11E6B}.Release|x64.Build.0 = Release|Any CPU
		{13CA870C-0096-4FDF-8E92-EE7266C11E6B}.Release|x86.ActiveCfg = Release|Any CPU
		{13CA870C-0096-4FDF-8E92-EE7266C11E6B}.Release|x86.Build.0 = Release|Any CPU
		{C6D98F19-2288-4A7E-B869-294149388906}.Debug|Any CPU.ActiveCfg = Debug|Any CPU
		{C6D98F19-2288-4A7E-B869-294149388906}.Debug|Any CPU.Build.0 = Debug|Any CPU
		{C6D98F19-2288-4A7E-B869-294149388906}.Debug|x64.ActiveCfg = Debug|Any CPU
		{C6D98F19-2288-4A7E-B869-294149388906}.Debug|x64.Build.0 = Debug|Any CPU
		{C6D98F19-2288-4A7E-B869-294149388906}.Debug|x86.ActiveCfg = Debug|Any CPU
		{C6D98F19-2288-4A7E-B869-294149388906}.Debug|x86.Build.0 = Debug|Any CPU
		{C6D98F19-2288-4A7E-B869-294149388906}.Release|Any CPU.ActiveCfg = Release|Any CPU
		{C6D98F19-2288-4A7E-B869-294149388906}.Release|Any CPU.Build.0 = Release|Any CPU
		{C6D98F19-2288-4A7E-B869-294149388906}.Release|x64.ActiveCfg = Release|Any CPU
		{C6D98F19-2288-4A7E-B869-294149388906}.Release|x64.Build.0 = Release|Any CPU
		{C6D98F19-2288-4A7E-B869-294149388906}.Release|x86.ActiveCfg = Release|Any CPU
		{C6D98F19-2288-4A7E-B869-294149388906}.Release|x86.Build.0 = Release|Any CPU
	EndGlobalSection
EndGlobal
